
Microsoft Visual Studio Solution File, Format Version 12.00
# Visual Studio Version 17
VisualStudioVersion = 17.0.31903.59
MinimumVisualStudioVersion = 10.0.40219.1
Project("{FAE04EC0-301F-11D3-BF4B-00C04F79EFBC}") = "NumbersInWords", "NumbersInWords\NumbersInWords.csproj", "{CCFC8AB8-A9C9-4DFF-84D9-5FB5F2ED8D83}"
EndProject
Project("{FAE04EC0-301F-11D3-BF4B-00C04F79EFBC}") = "NumbersInWords.Tests", "NumbersInWords.Tests\NumbersInWords.Tests.csproj", "{4B781A9A-778A-4F31-BE9A-E53C628B4974}"
EndProject
Global
	GlobalSection(SolutionConfigurationPlatforms) = preSolution
		Debug|Any CPU = Debug|Any CPU
		Release|Any CPU = Release|Any CPU
	EndGlobalSection
	GlobalSection(SolutionProperties) = preSolution
		HideSolutionNode = FALSE
	EndGlobalSection
	GlobalSection(ProjectConfigurationPlatforms) = postSolution
		{CCFC8AB8-A9C9-4DFF-84D9-5FB5F2ED8D83}.Debug|Any CPU.ActiveCfg = Debug|Any CPU
		{CCFC8AB8-A9C9-4DFF-84D9-5FB5F2ED8D83}.Debug|Any CPU.Build.0 = Debug|Any CPU
		{CCFC8AB8-A9C9-4DFF-84D9-5FB5F2ED8D83}.Release|Any CPU.ActiveCfg = Release|Any CPU
		{CCFC8AB8-A9C9-4DFF-84D9-5FB5F2ED8D83}.Release|Any CPU.Build.0 = Release|Any CPU
		{4B781A9A-778A-4F31-BE9A-E53C628B4974}.Debug|Any CPU.ActiveCfg = Debug|Any CPU
		{4B781A9A-778A-4F31-BE9A-E53C628B4974}.Debug|Any CPU.Build.0 = Debug|Any CPU
		{4B781A9A-778A-4F31-BE9A-E53C628B4974}.Release|Any CPU.ActiveCfg = Release|Any CPU
		{4B781A9A-778A-4F31-BE9A-E53C628B4974}.Release|Any CPU.Build.0 = Release|Any CPU
	EndGlobalSection
EndGlobal
